{
  "lockfileVersion": 1,
  "configVersion": 1,
  "workspaces": {
    "": {
      "name": "metis",
      "dependencies": {
        "koffi": "^2.15.6",
        "naga": "workspace:*",
        "type-fest": "^5.5.0",
      },
      "devDependencies": {
        "@types/bun": "^1.3.12",
      },
      "peerDependencies": {
        "typescript": "^6.0.2",
      },
    },
    "packages/metis-app": {
      "name": "metis-app",
      "dependencies": {
        "metis-data": "workspace:*",
        "naga": "workspace:*",
        "sdl3": "workspace:*",
        "ttf3": "workspace:*",
      },
      "devDependencies": {
        "@types/bun": "latest",
      },
      "peerDependencies": {
        "typescript": "^6",
      },
    },
    "packages/metis-data": {
      "name": "metis-data",
      "dependencies": {
        "type-fest": "^5.5.0",
      },
      "devDependencies": {
        "@types/bun": "latest",
      },
      "peerDependencies": {
        "typescript": "^6",
      },
    },
    "packages/metis-engine": {
      "name": "metis-engine",
      "dependencies": {
        "metis-data": "workspace:*",
        "naga": "workspace:*",
        "radashi": "^12.7.2",
        "sdl3": "workspace:*",
        "ttf3": "workspace:*",
        "type-fest": "^5.5.0",
      },
      "devDependencies": {
        "@types/bun": "latest",
      },
      "peerDependencies": {
        "typescript": "^6",
      },
    },
    "packages/naga": {
      "name": "naga",
      "version": "0.1.0",
    },
    "packages/sdl3": {
      "name": "sdl3",
      "dependencies": {
        "koffi": "^2.15.6",
        "metis-data": "workspace:*",
        "type-fest": "^5.5.0",
      },
      "devDependencies": {
        "@types/bun": "latest",
      },
      "peerDependencies": {
        "typescript": "^6",
      },
    },
    "packages/ttf3": {
      "name": "ttf3",
      "dependencies": {
        "koffi": "^2.15.6",
        "metis-data": "workspace:*",
        "sdl3": "workspace:*",
        "type-fest": "^5.5.0",
      },
      "devDependencies": {
        "@types/bun": "latest",
      },
      "peerDependencies": {
        "typescript": "^6",
      },
    },
  },
  "packages": {
    "@types/bun": ["@types/bun@1.3.12", "", { "dependencies": { "bun-types": "1.3.12" } }, "sha512-DBv81elK+/VSwXHDlnH3Qduw+KxkTIWi7TXkAeh24zpi5l0B2kUg9Ga3tb4nJaPcOFswflgi/yAvMVBPrxMB+A=="],

    "@types/node": ["@types/node@24.10.1", "", { "dependencies": { "undici-types": "~7.16.0" } }, "sha512-GNWcUTRBgIRJD5zj+Tq0fKOJ5XZajIiBroOF0yvj2bSU1WvNdYS/dn9UxwsujGW4JX06dnHyjV2y9rRaybH0iQ=="],

    "bun-types": ["bun-types@1.3.12", "", { "dependencies": { "@types/node": "*" } }, "sha512-HqOLj5PoFajAQciOMRiIZGNoKxDJSr6qigAttOX40vJuSp6DN/CxWp9s3C1Xwm4oH7ybueITwiaOcWXoYVoRkA=="],

    "koffi": ["koffi@2.15.6", "", {}, "sha512-WQBpM5uo74UQ17UpsFN+PUOrQQg4/nYdey4SGVluQun2drYYfePziLLWdSmFb4wSdWlJC1aimXQnjhPCheRKuw=="],

    "metis-app": ["metis-app@workspace:packages/metis-app"],

    "metis-data": ["metis-data@workspace:packages/metis-data"],

    "metis-engine": ["metis-engine@workspace:packages/metis-engine"],

    "naga": ["naga@workspace:packages/naga"],

    "radashi": ["radashi@12.7.2", "", {}, "sha512-BfoN4XJll34ok3rCHjVlRypymJvD3cE+M3UATC8519wUgHl1/AXt2dEEIFv5865gO6t0ENAU6qEOqjr/NcIRyQ=="],

    "sdl3": ["sdl3@workspace:packages/sdl3"],

    "tagged-tag": ["tagged-tag@1.0.0", "", {}, "sha512-yEFYrVhod+hdNyx7g5Bnkkb0G6si8HJurOoOEgC8B/O0uXLHlaey/65KRv6cuWBNhBgHKAROVpc7QyYqE5gFng=="],

    "ttf3": ["ttf3@workspace:packages/ttf3"],

    "type-fest": ["type-fest@5.5.0", "", { "dependencies": { "tagged-tag": "^1.0.0" } }, "sha512-PlBfpQwiUvGViBNX84Yxwjsdhd1TUlXr6zjX7eoirtCPIr08NAmxwa+fcYBTeRQxHo9YC9wwF3m9i700sHma8g=="],

    "typescript": ["typescript@6.0.2", "", { "bin": { "tsc": "bin/tsc", "tsserver": "bin/tsserver" } }, "sha512-bGdAIrZ0wiGDo5l8c++HWtbaNCWTS4UTv7RaTH/ThVIgjkveJt83m74bBHMJkuCbslY8ixgLBVZJIOiQlQTjfQ=="],

    "undici-types": ["undici-types@7.16.0", "", {}, "sha512-Zz+aZWSj8LE6zoxD+xrjh4VfkIG8Ya6LvYkZqtUQGJPZjYl53ypCaUwWqo7eI0x66KBGeRo+mlBEkMSeSZ38Nw=="],
  }
}
