{
  "lockfileVersion": 1,
  "configVersion": 1,
  "workspaces": {
    "": {
      "name": "metis",
      "dependencies": {
        "koffi": "^2.15.1",
        "naga": "workspace:*",
        "type-fest": "^5.4.3",
      },
      "devDependencies": {
        "@types/bun": "^1.3.8",
      },
      "peerDependencies": {
        "typescript": "^5.9.3",
      },
    },
    "packages/metis-app": {
      "name": "metis-app",
      "dependencies": {
        "metis-data": "workspace:*",
        "naga": "workspace:*",
        "sdl3": "workspace:*",
      },
      "devDependencies": {
        "@types/bun": "latest",
      },
      "peerDependencies": {
        "typescript": "^5",
      },
    },
    "packages/metis-data": {
      "name": "metis-data",
      "dependencies": {
        "type-fest": "^5.4.3",
      },
      "devDependencies": {
        "@types/bun": "latest",
      },
      "peerDependencies": {
        "typescript": "^5",
      },
    },
    "packages/naga": {
      "name": "naga",
      "version": "0.1.0",
    },
    "packages/sdl3": {
      "name": "sdl3",
      "dependencies": {
        "koffi": "^2.15.1",
        "metis-data": "workspace:*",
        "type-fest": "^5.4.3",
      },
      "devDependencies": {
        "@types/bun": "latest",
      },
      "peerDependencies": {
        "typescript": "^5",
      },
    },
  },
  "packages": {
    "@types/bun": ["@types/bun@1.3.8", "", { "dependencies": { "bun-types": "1.3.8" } }, "sha512-3LvWJ2q5GerAXYxO2mffLTqOzEu5qnhEAlh48Vnu8WQfnmSwbgagjGZV6BoHKJztENYEDn6QmVd949W4uESRJA=="],

    "@types/node": ["@types/node@24.10.1", "", { "dependencies": { "undici-types": "~7.16.0" } }, "sha512-GNWcUTRBgIRJD5zj+Tq0fKOJ5XZajIiBroOF0yvj2bSU1WvNdYS/dn9UxwsujGW4JX06dnHyjV2y9rRaybH0iQ=="],

    "bun-types": ["bun-types@1.3.8", "", { "dependencies": { "@types/node": "*" } }, "sha512-fL99nxdOWvV4LqjmC+8Q9kW3M4QTtTR1eePs94v5ctGqU8OeceWrSUaRw3JYb7tU3FkMIAjkueehrHPPPGKi5Q=="],

    "koffi": ["koffi@2.15.1", "", {}, "sha512-mnc0C0crx/xMSljb5s9QbnLrlFHprioFO1hkXyuSuO/QtbpLDa0l/uM21944UfQunMKmp3/r789DTDxVyyH6aA=="],

    "metis-app": ["metis-app@workspace:packages/metis-app"],

    "metis-data": ["metis-data@workspace:packages/metis-data"],

    "naga": ["naga@workspace:packages/naga"],

    "sdl3": ["sdl3@workspace:packages/sdl3"],

    "tagged-tag": ["tagged-tag@1.0.0", "", {}, "sha512-yEFYrVhod+hdNyx7g5Bnkkb0G6si8HJurOoOEgC8B/O0uXLHlaey/65KRv6cuWBNhBgHKAROVpc7QyYqE5gFng=="],

    "type-fest": ["type-fest@5.4.3", "", { "dependencies": { "tagged-tag": "^1.0.0" } }, "sha512-AXSAQJu79WGc79/3e9/CR77I/KQgeY1AhNvcShIH4PTcGYyC4xv6H4R4AUOwkPS5799KlVDAu8zExeCrkGquiA=="],

    "typescript": ["typescript@5.9.3", "", { "bin": { "tsc": "bin/tsc", "tsserver": "bin/tsserver" } }, "sha512-jl1vZzPDinLr9eUt3J/t7V6FgNEw9QjvBPdysz9KfQDD41fQrC2Y4vKQdiaUpFT4bXlb1RHhLpp8wtm6M5TgSw=="],

    "undici-types": ["undici-types@7.16.0", "", {}, "sha512-Zz+aZWSj8LE6zoxD+xrjh4VfkIG8Ya6LvYkZqtUQGJPZjYl53ypCaUwWqo7eI0x66KBGeRo+mlBEkMSeSZ38Nw=="],
  }
}
